
Microsoft Visual Studio Solution File, Format Version 12.00
# Visual Studio Version 17
VisualStudioVersion = 17.7.34202.233
MinimumVisualStudioVersion = 10.0.40219.1
Project("{9A19103F-16F7-4668-BE54-9A1E7A4F7556}") = "Z1", "Z1\Z1.csproj", "{AD9B0511-5303-4415-8470-AE1C7779B728}"
EndProject
Project("{FAE04EC0-301F-11D3-BF4B-00C04F79EFBC}") = "Z2", "Z2\Z2.csproj", "{212AB32E-C277-47B4-A76A-404232E1A780}"
EndProject
Global
	GlobalSection(SolutionConfigurationPlatforms) = preSolution
		Debug|Any CPU = Debug|Any CPU
		Release|Any CPU = Release|Any CPU
	EndGlobalSection
	GlobalSection(ProjectConfigurationPlatforms) = postSolution
		{AD9B0511-5303-4415-8470-AE1C7779B728}.Debug|Any CPU.ActiveCfg = Debug|Any CPU
		{AD9B0511-5303-4415-8470-AE1C7779B728}.Debug|Any CPU.Build.0 = Debug|Any CPU
		{AD9B0511-5303-4415-8470-AE1C7779B728}.Release|Any CPU.ActiveCfg = Release|Any CPU
		{AD9B0511-5303-4415-8470-AE1C7779B728}.Release|Any CPU.Build.0 = Release|Any CPU
		{212AB32E-C277-47B4-A76A-404232E1A780}.Debug|Any CPU.ActiveCfg = Debug|Any CPU
		{212AB32E-C277-47B4-A76A-404232E1A780}.Debug|Any CPU.Build.0 = Debug|Any CPU
		{212AB32E-C277-47B4-A76A-404232E1A780}.Release|Any CPU.ActiveCfg = Release|Any CPU
		{212AB32E-C277-47B4-A76A-404232E1A780}.Release|Any CPU.Build.0 = Release|Any CPU
	EndGlobalSection
	GlobalSection(SolutionProperties) = preSolution
		HideSolutionNode = FALSE
	EndGlobalSection
	GlobalSection(ExtensibilityGlobals) = postSolution
		SolutionGuid = {F10E6D0F-E54F-4E87-8DFC-7FE337147170}
	EndGlobalSection
EndGlobal
